
Microsoft Visual Studio Solution File, Format Version 12.00
# Visual Studio 2013
VisualStudioVersion = 12.0.21005.1
MinimumVisualStudioVersion = 10.0.40219.1
Project("{FAE04EC0-301F-11D3-BF4B-00C04F79EFBC}") = "NumericSequenceCalculator", "NumericSequenceCalculator\NumericSequenceCalculator.csproj", "{615F9B30-BB50-4002-BD9C-122B0E9725F7}"
EndProject
Project("{FAE04EC0-301F-11D3-BF4B-00C04F79EFBC}") = "NumericSequenceCalculator_UnitTests", "NumericSequenceCalculator_UnitTests\NumericSequenceCalculator_UnitTests.csproj", "{F132106B-FD3A-45FB-AD18-7F5297FFB4B1}"
EndProject
Project("{FAE04EC0-301F-11D3-BF4B-00C04F79EFBC}") = "NumericSequenceCalculator_UI", "NumericSequenceCalculator_UI\NumericSequenceCalculator_UI.csproj", "{38B34A41-498E-43CC-89E9-122AB2467EFF}"
EndProject
Project("{FAE04EC0-301F-11D3-BF4B-00C04F79EFBC}") = "NumericSequenceCalculator_UI.Tests", "NumericSequenceCalculator_UI.Tests\NumericSequenceCalculator_UI.Tests.csproj", "{39B4B6E9-7A1E-4118-8C17-3644EE7DAD2A}"
EndProject
Global
	GlobalSection(SolutionConfigurationPlatforms) = preSolution
		Debug|Any CPU = Debug|Any CPU
		Release|Any CPU = Release|Any CPU
	EndGlobalSection
	GlobalSection(ProjectConfigurationPlatforms) = postSolution
		{615F9B30-BB50-4002-BD9C-122B0E9725F7}.Debug|Any CPU.ActiveCfg = Debug|Any CPU
		{615F9B30-BB50-4002-BD9C-122B0E9725F7}.Debug|Any CPU.Build.0 = Debug|Any CPU
		{615F9B30-BB50-4002-BD9C-122B0E9725F7}.Release|Any CPU.ActiveCfg = Release|Any CPU
		{615F9B30-BB50-4002-BD9C-122B0E9725F7}.Release|Any CPU.Build.0 = Release|Any CPU
		{F132106B-FD3A-45FB-AD18-7F5297FFB4B1}.Debug|Any CPU.ActiveCfg = Debug|Any CPU
		{F132106B-FD3A-45FB-AD18-7F5297FFB4B1}.Debug|Any CPU.Build.0 = Debug|Any CPU
		{F132106B-FD3A-45FB-AD18-7F5297FFB4B1}.Release|Any CPU.ActiveCfg = Release|Any CPU
		{F132106B-FD3A-45FB-AD18-7F5297FFB4B1}.Release|Any CPU.Build.0 = Release|Any CPU
		{38B34A41-498E-43CC-89E9-122AB2467EFF}.Debug|Any CPU.ActiveCfg = Debug|Any CPU
		{38B34A41-498E-43CC-89E9-122AB2467EFF}.Debug|Any CPU.Build.0 = Debug|Any CPU
		{38B34A41-498E-43CC-89E9-122AB2467EFF}.Release|Any CPU.ActiveCfg = Release|Any CPU
		{38B34A41-498E-43CC-89E9-122AB2467EFF}.Release|Any CPU.Build.0 = Release|Any CPU
		{39B4B6E9-7A1E-4118-8C17-3644EE7DAD2A}.Debug|Any CPU.ActiveCfg = Debug|Any CPU
		{39B4B6E9-7A1E-4118-8C17-3644EE7DAD2A}.Debug|Any CPU.Build.0 = Debug|Any CPU
		{39B4B6E9-7A1E-4118-8C17-3644EE7DAD2A}.Release|Any CPU.ActiveCfg = Release|Any CPU
		{39B4B6E9-7A1E-4118-8C17-3644EE7DAD2A}.Release|Any CPU.Build.0 = Release|Any CPU
	EndGlobalSection
	GlobalSection(SolutionProperties) = preSolution
		HideSolutionNode = FALSE
	EndGlobalSection
EndGlobal
